
Microsoft Visual Studio Solution File, Format Version 12.00
# Visual Studio Version 16
VisualStudioVersion = 16.0.31729.503
MinimumVisualStudioVersion = 10.0.40219.1
Project("{FAE04EC0-301F-11D3-BF4B-00C04F79EFBC}") = "WpfApp1", "WpfApp1.csproj", "{F63E6B7F-ED96-47C7-A44B-8E9BBE0014B9}"
EndProject
Global
	GlobalSection(SolutionConfigurationPlatforms) = preSolution
		Debug|Any CPU = Debug|Any CPU
		Release|Any CPU = Release|Any CPU
	EndGlobalSection
	GlobalSection(ProjectConfigurationPlatforms) = postSolution
		{F63E6B7F-ED96-47C7-A44B-8E9BBE0014B9}.Debug|Any CPU.ActiveCfg = Debug|Any CPU
		{F63E6B7F-ED96-47C7-A44B-8E9BBE0014B9}.Debug|Any CPU.Build.0 = Debug|Any CPU
		{F63E6B7F-ED96-47C7-A44B-8E9BBE0014B9}.Release|Any CPU.ActiveCfg = Release|Any CPU
		{F63E6B7F-ED96-47C7-A44B-8E9BBE0014B9}.Release|Any CPU.Build.0 = Release|Any CPU
	EndGlobalSection
	GlobalSection(SolutionProperties) = preSolution
		HideSolutionNode = FALSE
	EndGlobalSection
	GlobalSection(ExtensibilityGlobals) = postSolution
		SolutionGuid = {F0B56D04-2672-4F33-AE5C-AC38148AA8D6}
	EndGlobalSection
EndGlobal
